Microsoft Visual Studio Solution File, Format Version 12.00
# Visual Studio Version 16
VisualStudioVersion = 16.0.30330.147
MinimumVisualStudioVersion = 10.0.40219.1
Project("{A9A30E62-E9D8-4E75-9D1A-BAC19F453768}") = "SRCPatcher", "SRCPatcher\SRCPatcher.csproj", "{4653D874-DE1A-4D61-98CE-7E72CCBEA1EE}"
EndProject
Global
	GlobalSection(SolutionConfigurationPlatforms) = preSolution
		Debug|Any CPU = Debug|Any CPU
		Release|Any CPU = Release|Any CPU
	EndGlobalSection
	GlobalSection(ProjectConfigurationPlatforms) = postSolution
		{4653D874-DE1A-4D61-98CE-7E72CCBEA1EE}.Debug|Any CPU.ActiveCfg = Debug|Any CPU
		{4653D874-DE1A-4D61-98CE-7E72CCBEA1EE}.Debug|Any CPU.Build.0 = Debug|Any CPU
		{4653D874-DE1A-4D61-98CE-7E72CCBEA1EE}.Release|Any CPU.ActiveCfg = Release|Any CPU
		{4653D874-DE1A-4D61-98CE-7E72CCBEA1EE}.Release|Any CPU.Build.0 = Release|Any CPU
	EndGlobalSection
EndGlobal
